
Microsoft Visual Studio Solution File, Format Version 12.00
# Visual Studio 15
VisualStudioVersion = 15.0.27130.2036
MinimumVisualStudioVersion = 10.0.40219.1
Project("{8BC9CEB8-8B4A-11D0-8D11-00A0C91BC942}") = "RDsystem", "RDsystem\RDsystem.vcxproj", "{363AC9C6-60F3-40C7-9C9E-9992AB79DF47}"
EndProject
Global
	GlobalSection(SolutionConfigurationPlatforms) = preSolution
		Debug|x64 = Debug|x64
		Debug|x86 = Debug|x86
		Release|x64 = Release|x64
		Release|x86 = Release|x86
	EndGlobalSection
	GlobalSection(ProjectConfigurationPlatforms) = postSolution
		{363AC9C6-60F3-40C7-9C9E-9992AB79DF47}.Debug|x64.ActiveCfg = Debug|x64
		{363AC9C6-60F3-40C7-9C9E-9992AB79DF47}.Debug|x64.Build.0 = Debug|x64
		{363AC9C6-60F3-40C7-9C9E-9992AB79DF47}.Debug|x86.ActiveCfg = Debug|Win32
		{363AC9C6-60F3-40C7-9C9E-9992AB79DF47}.Debug|x86.Build.0 = Debug|Win32
		{363AC9C6-60F3-40C7-9C9E-9992AB79DF47}.Release|x64.ActiveCfg = Release|x64
		{363AC9C6-60F3-40C7-9C9E-9992AB79DF47}.Release|x64.Build.0 = Release|x64
		{363AC9C6-60F3-40C7-9C9E-9992AB79DF47}.Release|x86.ActiveCfg = Release|Win32
		{363AC9C6-60F3-40C7-9C9E-9992AB79DF47}.Release|x86.Build.0 = Release|Win32
	EndGlobalSection
	GlobalSection(SolutionProperties) = preSolution
		HideSolutionNode = FALSE
	EndGlobalSection
	GlobalSection(ExtensibilityGlobals) = postSolution
		SolutionGuid = {4CFC4C2F-D951-4D94-82E5-5EE07C10AE6A}
	EndGlobalSection
EndGlobal
